
Microsoft Visual Studio Solution File, Format Version 12.00
# Visual Studio Version 16
VisualStudioVersion = 16.0.31025.194
MinimumVisualStudioVersion = 10.0.40219.1
Project("{FAE04EC0-301F-11D3-BF4B-00C04F79EFBC}") = "TaskNr6", "TaskNr6\TaskNr6.csproj", "{8F50DDE2-0E03-4021-B193-5D70E8A4373A}"
EndProject
Global
	GlobalSection(SolutionConfigurationPlatforms) = preSolution
		Debug|Any CPU = Debug|Any CPU
		Release|Any CPU = Release|Any CPU
	EndGlobalSection
	GlobalSection(ProjectConfigurationPlatforms) = postSolution
		{8F50DDE2-0E03-4021-B193-5D70E8A4373A}.Debug|Any CPU.ActiveCfg = Debug|Any CPU
		{8F50DDE2-0E03-4021-B193-5D70E8A4373A}.Debug|Any CPU.Build.0 = Debug|Any CPU
		{8F50DDE2-0E03-4021-B193-5D70E8A4373A}.Release|Any CPU.ActiveCfg = Release|Any CPU
		{8F50DDE2-0E03-4021-B193-5D70E8A4373A}.Release|Any CPU.Build.0 = Release|Any CPU
	EndGlobalSection
	GlobalSection(SolutionProperties) = preSolution
		HideSolutionNode = FALSE
	EndGlobalSection
	GlobalSection(ExtensibilityGlobals) = postSolution
		SolutionGuid = {B41F3197-CDFB-488B-81C5-8ABB6D37E1D4}
	EndGlobalSection
EndGlobal
